
Microsoft Visual Studio Solution File, Format Version 12.00
# Visual Studio Version 17
VisualStudioVersion = 17.0.31903.59
MinimumVisualStudioVersion = 10.0.40219.1
Project("{FAE04EC0-301F-11D3-BF4B-00C04F79EFBC}") = "NewTalents", "NewTalents\NewTalents.csproj", "{7E579259-7562-404E-8C5F-4531FA8CA831}"
EndProject
Project("{FAE04EC0-301F-11D3-BF4B-00C04F79EFBC}") = "TestsNewTalents", "TestsNewTalents\TestsNewTalents.csproj", "{1E5DAA53-F8B4-4EA6-9836-509A9DC38223}"
EndProject
Global
	GlobalSection(SolutionConfigurationPlatforms) = preSolution
		Debug|Any CPU = Debug|Any CPU
		Release|Any CPU = Release|Any CPU
	EndGlobalSection
	GlobalSection(SolutionProperties) = preSolution
		HideSolutionNode = FALSE
	EndGlobalSection
	GlobalSection(ProjectConfigurationPlatforms) = postSolution
		{7E579259-7562-404E-8C5F-4531FA8CA831}.Debug|Any CPU.ActiveCfg = Debug|Any CPU
		{7E579259-7562-404E-8C5F-4531FA8CA831}.Debug|Any CPU.Build.0 = Debug|Any CPU
		{7E579259-7562-404E-8C5F-4531FA8CA831}.Release|Any CPU.ActiveCfg = Release|Any CPU
		{7E579259-7562-404E-8C5F-4531FA8CA831}.Release|Any CPU.Build.0 = Release|Any CPU
		{1E5DAA53-F8B4-4EA6-9836-509A9DC38223}.Debug|Any CPU.ActiveCfg = Debug|Any CPU
		{1E5DAA53-F8B4-4EA6-9836-509A9DC38223}.Debug|Any CPU.Build.0 = Debug|Any CPU
		{1E5DAA53-F8B4-4EA6-9836-509A9DC38223}.Release|Any CPU.ActiveCfg = Release|Any CPU
		{1E5DAA53-F8B4-4EA6-9836-509A9DC38223}.Release|Any CPU.Build.0 = Release|Any CPU
	EndGlobalSection
EndGlobal
